
Microsoft Visual Studio Solution File, Format Version 12.00
# Visual Studio Version 16
VisualStudioVersion = 16.0.31410.223
MinimumVisualStudioVersion = 10.0.40219.1
Project("{FAE04EC0-301F-11D3-BF4B-00C04F79EFBC}") = "ValidationTest", "ValidationTest\ValidationTest.csproj", "{5FDD3284-FCAF-4742-B248-44C5A3086764}"
EndProject
Global
	GlobalSection(SolutionConfigurationPlatforms) = preSolution
		Debug|Any CPU = Debug|Any CPU
		Release|Any CPU = Release|Any CPU
	EndGlobalSection
	GlobalSection(ProjectConfigurationPlatforms) = postSolution
		{5FDD3284-FCAF-4742-B248-44C5A3086764}.Debug|Any CPU.ActiveCfg = Debug|Any CPU
		{5FDD3284-FCAF-4742-B248-44C5A3086764}.Debug|Any CPU.Build.0 = Debug|Any CPU
		{5FDD3284-FCAF-4742-B248-44C5A3086764}.Release|Any CPU.ActiveCfg = Release|Any CPU
		{5FDD3284-FCAF-4742-B248-44C5A3086764}.Release|Any CPU.Build.0 = Release|Any CPU
	EndGlobalSection
	GlobalSection(SolutionProperties) = preSolution
		HideSolutionNode = FALSE
	EndGlobalSection
	GlobalSection(ExtensibilityGlobals) = postSolution
		SolutionGuid = {EE7F4B7A-AF5C-47D6-A3BC-C8DBB3BB1F5B}
	EndGlobalSection
EndGlobal
